{
  "name": "engine-pre7",
  "lockfileVersion": 3,
  "requires": true,
  "packages": {
    "": {
      "name": "engine-pre7",
      "dependencies": {
        "@tursodatabase/sync": "0.8.0-pre.7"
      }
    },
    "node_modules/@tursodatabase/database-common": {
      "version": "0.8.0-pre.7",
      "resolved": "https://registry.npmjs.org/@tursodatabase/database-common/-/database-common-0.8.0-pre.7.tgz",
      "integrity": "sha512-Fh+IdqE3ejvgU4cjlYoYArQsm2vLO+iyRGRUFFyqrNDGsldUYwmY3qaMH9gXAjmvVA5a2+tj1o8tk2CMmJ8iWQ==",
      "license": "MIT"
    },
    "node_modules/@tursodatabase/serverless": {
      "version": "0.2.4",
      "resolved": "https://registry.npmjs.org/@tursodatabase/serverless/-/serverless-0.2.4.tgz",
      "integrity": "sha512-kqf3FINvTGx8N1iH/4e1Dkbr/om5q9qitshzvljtQXwZFQIsVP/mDE76mGg9U2dg/ElOZKFKtT1VXDgd39Dr1w==",
      "license": "MIT"
    },
    "node_modules/@tursodatabase/sync": {
      "version": "0.8.0-pre.7",
      "resolved": "https://registry.npmjs.org/@tursodatabase/sync/-/sync-0.8.0-pre.7.tgz",
      "integrity": "sha512-z2aAnNEYRJbKszUn7guEUNMZ3XyqGoTWQ+v5Rf1HzyrCurHQ9V20kD0Aw931mwAqbXRiAiLRLP7PbYC4q+G7Jg==",
      "license": "MIT",
      "dependencies": {
        "@tursodatabase/database-common": "^0.8.0-pre.7",
        "@tursodatabase/sync-common": "^0.8.0-pre.7"
      },
      "optionalDependencies": {
        "@tursodatabase/sync-darwin-arm64": "0.8.0-pre.7",
        "@tursodatabase/sync-linux-arm64-gnu": "0.8.0-pre.7",
        "@tursodatabase/sync-linux-x64-gnu": "0.8.0-pre.7",
        "@tursodatabase/sync-win32-x64-msvc": "0.8.0-pre.7"
      }
    },
    "node_modules/@tursodatabase/sync-common": {
      "version": "0.8.0-pre.7",
      "resolved": "https://registry.npmjs.org/@tursodatabase/sync-common/-/sync-common-0.8.0-pre.7.tgz",
      "integrity": "sha512-FqrNFUO61w470GXcAsm26OS+pWTsFY/GxK4AXKMeIgZaxsQb1gn+fS9yvh1AlNR6T85WNJ0MUXBOJ4AF2+a73Q==",
      "license": "MIT",
      "dependencies": {
        "@tursodatabase/database-common": "^0.8.0-pre.7",
        "@tursodatabase/serverless": "^0.2.2"
      }
    },
    "node_modules/@tursodatabase/sync-darwin-arm64": {
      "version": "0.8.0-pre.7",
      "resolved": "https://registry.npmjs.org/@tursodatabase/sync-darwin-arm64/-/sync-darwin-arm64-0.8.0-pre.7.tgz",
      "integrity": "sha512-jk80GhIiG7EeUPcjNdOhIZWnCXxUgZydl55B53jAvz9n6kpqS/E665N3uFqY7CWvXerC1m+5gkUw2IQbKiTifA==",
      "cpu": [
        "arm64"
      ],
      "license": "MIT",
      "optional": true,
      "os": [
        "darwin"
      ]
    },
    "node_modules/@tursodatabase/sync-linux-arm64-gnu": {
      "version": "0.8.0-pre.7",
      "resolved": "https://registry.npmjs.org/@tursodatabase/sync-linux-arm64-gnu/-/sync-linux-arm64-gnu-0.8.0-pre.7.tgz",
      "integrity": "sha512-Gol/dZg19UM8Gi5NYUJo8woQVJa65BmU+e3XgXdVQDLhY0beUnbE1vRdqsh0RwvB0zTmajG06C7JzM9O30o4FQ==",
      "cpu": [
        "arm64"
      ],
      "libc": [
        "glibc"
      ],
      "license": "MIT",
      "optional": true,
      "os": [
        "linux"
      ]
    },
    "node_modules/@tursodatabase/sync-linux-x64-gnu": {
      "version": "0.8.0-pre.7",
      "resolved": "https://registry.npmjs.org/@tursodatabase/sync-linux-x64-gnu/-/sync-linux-x64-gnu-0.8.0-pre.7.tgz",
      "integrity": "sha512-MvuGesRgogq8fQFLaf8MU46MDKtyaiV+GKHZjRHGXWeTGMNz4LliMrTgI78mhUJIBgqa51Xg6kxMqG8U54sGyw==",
      "cpu": [
        "x64"
      ],
      "libc": [
        "glibc"
      ],
      "license": "MIT",
      "optional": true,
      "os": [
        "linux"
      ]
    },
    "node_modules/@tursodatabase/sync-win32-x64-msvc": {
      "version": "0.8.0-pre.7",
      "resolved": "https://registry.npmjs.org/@tursodatabase/sync-win32-x64-msvc/-/sync-win32-x64-msvc-0.8.0-pre.7.tgz",
      "integrity": "sha512-6REBCApZTYSct/bg+LC1P5Gp/GMvIeUlbqECrNApNmPV96XKhp/O5ZMVhVCZ8EsVddVKHmgPvZ3lywFd9QTnaw==",
      "cpu": [
        "x64"
      ],
      "license": "MIT",
      "optional": true,
      "os": [
        "win32"
      ]
    }
  }
}
