{
  "name": "engine-pre9",
  "lockfileVersion": 3,
  "requires": true,
  "packages": {
    "": {
      "name": "engine-pre9",
      "dependencies": {
        "@tursodatabase/sync": "0.8.0-pre.9"
      }
    },
    "node_modules/@tursodatabase/database-common": {
      "version": "0.8.0-pre.9",
      "resolved": "https://registry.npmjs.org/@tursodatabase/database-common/-/database-common-0.8.0-pre.9.tgz",
      "integrity": "sha512-pYqvZhx4uMsUzGJFQSBJ+isu7Zc5sEuGTPabMcXQYqyrXRhVz/+A265MUPXvx+l8RPxc4lSQDMFSUQ8jGfVxCg==",
      "license": "MIT"
    },
    "node_modules/@tursodatabase/serverless": {
      "version": "0.2.4",
      "resolved": "https://registry.npmjs.org/@tursodatabase/serverless/-/serverless-0.2.4.tgz",
      "integrity": "sha512-kqf3FINvTGx8N1iH/4e1Dkbr/om5q9qitshzvljtQXwZFQIsVP/mDE76mGg9U2dg/ElOZKFKtT1VXDgd39Dr1w==",
      "license": "MIT"
    },
    "node_modules/@tursodatabase/sync": {
      "version": "0.8.0-pre.9",
      "resolved": "https://registry.npmjs.org/@tursodatabase/sync/-/sync-0.8.0-pre.9.tgz",
      "integrity": "sha512-Ibdxx08SSA4tXhFEzcUJFdHctiowzmkuICYQw/wCNvvH77y7GBsr3IidQjDwQqcTSXurbAjZS6otq0hnYAwkUw==",
      "license": "MIT",
      "dependencies": {
        "@tursodatabase/database-common": "^0.8.0-pre.9",
        "@tursodatabase/sync-common": "^0.8.0-pre.9"
      },
      "optionalDependencies": {
        "@tursodatabase/sync-darwin-arm64": "0.8.0-pre.9",
        "@tursodatabase/sync-linux-arm64-gnu": "0.8.0-pre.9",
        "@tursodatabase/sync-linux-x64-gnu": "0.8.0-pre.9",
        "@tursodatabase/sync-win32-x64-msvc": "0.8.0-pre.9"
      }
    },
    "node_modules/@tursodatabase/sync-common": {
      "version": "0.8.0-pre.9",
      "resolved": "https://registry.npmjs.org/@tursodatabase/sync-common/-/sync-common-0.8.0-pre.9.tgz",
      "integrity": "sha512-vIVhGQ4mWMVdR/zi7fJ77Anti+buys0EIRuFmbp6MpjyMxSFKsx5iH+sxEWk9AzaBYvp4j9FPVvIgWkk0p/2oA==",
      "license": "MIT",
      "dependencies": {
        "@tursodatabase/database-common": "^0.8.0-pre.9",
        "@tursodatabase/serverless": "^0.2.2"
      }
    },
    "node_modules/@tursodatabase/sync-darwin-arm64": {
      "version": "0.8.0-pre.9",
      "resolved": "https://registry.npmjs.org/@tursodatabase/sync-darwin-arm64/-/sync-darwin-arm64-0.8.0-pre.9.tgz",
      "integrity": "sha512-a/gK80zifJx4PmFUXq2tLopdKo5Mv8+bvPgA4NaFVMAGvm8BLs9OdiJ9JXOZ8t+Sx6bKMz/Lw3iOTdU5pq/Bww==",
      "cpu": [
        "arm64"
      ],
      "license": "MIT",
      "optional": true,
      "os": [
        "darwin"
      ]
    },
    "node_modules/@tursodatabase/sync-linux-arm64-gnu": {
      "version": "0.8.0-pre.9",
      "resolved": "https://registry.npmjs.org/@tursodatabase/sync-linux-arm64-gnu/-/sync-linux-arm64-gnu-0.8.0-pre.9.tgz",
      "integrity": "sha512-5I6IRdbAa4J5xI7wF1ylA7jmNaVlG9nWWqnjJXQjFU+GSyMOCbzxqNaEmRFt0urmF0DqcpzlK6+RyoJpuRSI5A==",
      "cpu": [
        "arm64"
      ],
      "libc": [
        "glibc"
      ],
      "license": "MIT",
      "optional": true,
      "os": [
        "linux"
      ]
    },
    "node_modules/@tursodatabase/sync-linux-x64-gnu": {
      "version": "0.8.0-pre.9",
      "resolved": "https://registry.npmjs.org/@tursodatabase/sync-linux-x64-gnu/-/sync-linux-x64-gnu-0.8.0-pre.9.tgz",
      "integrity": "sha512-6N5Ls6oUtoML1P+HSQTvEbayRlEKSLB87947C4eAQH7CnqKNFRG6YtsHXjxef8tzz+b91BL0hT74qhc4GTKd4Q==",
      "cpu": [
        "x64"
      ],
      "libc": [
        "glibc"
      ],
      "license": "MIT",
      "optional": true,
      "os": [
        "linux"
      ]
    },
    "node_modules/@tursodatabase/sync-win32-x64-msvc": {
      "version": "0.8.0-pre.9",
      "resolved": "https://registry.npmjs.org/@tursodatabase/sync-win32-x64-msvc/-/sync-win32-x64-msvc-0.8.0-pre.9.tgz",
      "integrity": "sha512-IPtqInTKkEZTBjN8Q2QUHN72saHBjuFFeVYAkdDtAjqUSCeiP1DEFW9Sr/QZy9nW4b7GQqSg3R0m1gQGROXreg==",
      "cpu": [
        "x64"
      ],
      "license": "MIT",
      "optional": true,
      "os": [
        "win32"
      ]
    }
  }
}
